
Microsoft Visual Studio Solution File, Format Version 12.00
# Visual Studio Version 17
VisualStudioVersion = 17.7.34024.191
MinimumVisualStudioVersion = 10.0.40219.1
Project("{8BC9CEB8-8B4A-11D0-8D11-00A0C91BC942}") = "HomeWork 6", "HomeWork 6\HomeWork 6.vcxproj", "{1390885B-F484-47CB-A9EF-190D44172418}"
EndProject
Global
	GlobalSection(SolutionConfigurationPlatforms) = preSolution
		Debug|x64 = Debug|x64
		Debug|x86 = Debug|x86
		Release|x64 = Release|x64
		Release|x86 = Release|x86
	EndGlobalSection
	GlobalSection(ProjectConfigurationPlatforms) = postSolution
		{1390885B-F484-47CB-A9EF-190D44172418}.Debug|x64.ActiveCfg = Debug|x64
		{1390885B-F484-47CB-A9EF-190D44172418}.Debug|x64.Build.0 = Debug|x64
		{1390885B-F484-47CB-A9EF-190D44172418}.Debug|x86.ActiveCfg = Debug|Win32
		{1390885B-F484-47CB-A9EF-190D44172418}.Debug|x86.Build.0 = Debug|Win32
		{1390885B-F484-47CB-A9EF-190D44172418}.Release|x64.ActiveCfg = Release|x64
		{1390885B-F484-47CB-A9EF-190D44172418}.Release|x64.Build.0 = Release|x64
		{1390885B-F484-47CB-A9EF-190D44172418}.Release|x86.ActiveCfg = Release|Win32
		{1390885B-F484-47CB-A9EF-190D44172418}.Release|x86.Build.0 = Release|Win32
	EndGlobalSection
	GlobalSection(SolutionProperties) = preSolution
		HideSolutionNode = FALSE
	EndGlobalSection
	GlobalSection(ExtensibilityGlobals) = postSolution
		SolutionGuid = {9FD3F97B-C847-42CD-8E7F-749875EB5B3E}
	EndGlobalSection
EndGlobal
